
Microsoft Visual Studio Solution File, Format Version 12.00
# Visual Studio Version 17
VisualStudioVersion = 17.4.33103.184
MinimumVisualStudioVersion = 10.0.40219.1
Project("{9A19103F-16F7-4668-BE54-9A1E7A4F7556}") = "ICanHazDadJokeSharp", "src\ICanHazDadJokeSharp\ICanHazDadJokeSharp.csproj", "{04914DD6-E97F-43DB-B86C-E910DDF4DEF5}"
EndProject
Project("{9A19103F-16F7-4668-BE54-9A1E7A4F7556}") = "ICanHazDadJokeSharp.Tests", "tests\ICanHazDadJokeSharp.Tests\ICanHazDadJokeSharp.Tests.csproj", "{2A472755-7BA3-4768-B475-1C8B5C6FD081}"
EndProject
Project("{2150E333-8FDC-42A3-9474-1A3956D46DE8}") = "02_tests", "02_tests", "{2603BE39-2CD4-41E7-AA63-90D4D8E187F7}"
EndProject
Project("{2150E333-8FDC-42A3-9474-1A3956D46DE8}") = "03_samples", "03_samples", "{2FDCA34E-8A32-4805-AF19-99E65F649BE7}"
EndProject
Project("{9A19103F-16F7-4668-BE54-9A1E7A4F7556}") = "ICanHazDadJokeSampleApp", "samples\ICanHazDadJokeSampleApp\ICanHazDadJokeSampleApp.csproj", "{0C1D576B-03E2-43BC-9358-099EDF6885A8}"
EndProject
Project("{2150E333-8FDC-42A3-9474-1A3956D46DE8}") = "01_src", "01_src", "{773B7F1B-46DD-421C-9F14-63360DB12661}"
EndProject
Global
	GlobalSection(SolutionConfigurationPlatforms) = preSolution
		Debug|Any CPU = Debug|Any CPU
		Release|Any CPU = Release|Any CPU
	EndGlobalSection
	GlobalSection(ProjectConfigurationPlatforms) = postSolution
		{04914DD6-E97F-43DB-B86C-E910DDF4DEF5}.Debug|Any CPU.ActiveCfg = Debug|Any CPU
		{04914DD6-E97F-43DB-B86C-E910DDF4DEF5}.Debug|Any CPU.Build.0 = Debug|Any CPU
		{04914DD6-E97F-43DB-B86C-E910DDF4DEF5}.Release|Any CPU.ActiveCfg = Release|Any CPU
		{04914DD6-E97F-43DB-B86C-E910DDF4DEF5}.Release|Any CPU.Build.0 = Release|Any CPU
		{2A472755-7BA3-4768-B475-1C8B5C6FD081}.Debug|Any CPU.ActiveCfg = Debug|Any CPU
		{2A472755-7BA3-4768-B475-1C8B5C6FD081}.Debug|Any CPU.Build.0 = Debug|Any CPU
		{2A472755-7BA3-4768-B475-1C8B5C6FD081}.Release|Any CPU.ActiveCfg = Release|Any CPU
		{2A472755-7BA3-4768-B475-1C8B5C6FD081}.Release|Any CPU.Build.0 = Release|Any CPU
		{0C1D576B-03E2-43BC-9358-099EDF6885A8}.Debug|Any CPU.ActiveCfg = Debug|Any CPU
		{0C1D576B-03E2-43BC-9358-099EDF6885A8}.Debug|Any CPU.Build.0 = Debug|Any CPU
		{0C1D576B-03E2-43BC-9358-099EDF6885A8}.Debug|Any CPU.Deploy.0 = Debug|Any CPU
		{0C1D576B-03E2-43BC-9358-099EDF6885A8}.Release|Any CPU.ActiveCfg = Release|Any CPU
		{0C1D576B-03E2-43BC-9358-099EDF6885A8}.Release|Any CPU.Build.0 = Release|Any CPU
		{0C1D576B-03E2-43BC-9358-099EDF6885A8}.Release|Any CPU.Deploy.0 = Release|Any CPU
	EndGlobalSection
	GlobalSection(SolutionProperties) = preSolution
		HideSolutionNode = FALSE
	EndGlobalSection
	GlobalSection(NestedProjects) = preSolution
		{04914DD6-E97F-43DB-B86C-E910DDF4DEF5} = {773B7F1B-46DD-421C-9F14-63360DB12661}
		{2A472755-7BA3-4768-B475-1C8B5C6FD081} = {2603BE39-2CD4-41E7-AA63-90D4D8E187F7}
		{0C1D576B-03E2-43BC-9358-099EDF6885A8} = {2FDCA34E-8A32-4805-AF19-99E65F649BE7}
	EndGlobalSection
	GlobalSection(ExtensibilityGlobals) = postSolution
		SolutionGuid = {1B1D6EF4-045A-4E8B-9D6E-148145F9C080}
	EndGlobalSection
EndGlobal
